lockfileVersion: '9.0'

settings:
  autoInstallPeers: true
  excludeLinksFromLockfile: false

importers:

  .:
    dependencies:
      chess.js:
        specifier: 1.4.0
        version: 1.4.0
      stockfish:
        specifier: 19.0.0
        version: 19.0.0

packages:

  chess.js@1.4.0:
    resolution: {integrity: sha512-BBJgrrtKQOzFLonR0l+k64A98NLemPwNsCskwb+29bRwobUa4iTm51E1kwGPbWXAcfdDa18nad6vpPPKPWarqw==}

  stockfish@19.0.0:
    resolution: {integrity: sha512-jDyYLbqNpboQcMs5HodTHI2CrKL74zkQWb1+sgoNXw5HI6avTblW4G0X7afFt3BBOc6VbTSkOV64EUxm/DWSpg==}
    hasBin: true

snapshots:

  chess.js@1.4.0: {}

  stockfish@19.0.0: {}
